// !$*UTF8*$!
{
	archiveVersion = 1;
	classes = {
	};
	objectVersion = 48;
	objects = {

/* Begin PBXBuildFile section */
		3767AF051FD9642D006C8A98 /* AppDelegate.swift in Sources */ = {isa = PBXBuildFile; fileRef = 3767AF041FD9642D006C8A98 /* AppDelegate.swift */; };
		3767AF071FD9642D006C8A98 /* ContactListController.swift in Sources */ = {isa = PBXBuildFile; fileRef = 3767AF061FD9642D006C8A98 /* ContactListController.swift */; };
		3767AF0A1FD9642D006C8A98 /* Main.storyboard in Resources */ = {isa = PBXBuildFile; fileRef = 3767AF081FD9642D006C8A98 /* Main.storyboard */; };
		3767AF0C1FD9642D006C8A98 /* Assets.xcassets in Resources */ = {isa = PBXBuildFile; fileRef = 3767AF0B1FD9642D006C8A98 /* Assets.xcassets */; };
		3767AF0F1FD9642D006C8A98 /* LaunchScreen.storyboard in Resources */ = {isa = PBXBuildFile; fileRef = 3767AF0D1FD9642D006C8A98 /* LaunchScreen.storyboard */; };
		3767AF1C1FD96578006C8A98 /* AddContactViewController.swift in Sources */ = {isa = PBXBuildFile; fileRef = 3767AF1B1FD96578006C8A98 /* AddContactViewController.swift */; };
		3767AF1E1FD96584006C8A98 /* ContactDetailViewController.swift in Sources */ = {isa = PBXBuildFile; fileRef = 3767AF1D1FD96584006C8A98 /* ContactDetailViewController.swift */; };
		3767AF201FD965C1006C8A98 /* ContactListCell.swift in Sources */ = {isa = PBXBuildFile; fileRef = 3767AF1F1FD965C1006C8A98 /* ContactListCell.swift */; };
		3767AF221FD965CF006C8A98 /* ContactImageCell.swift in Sources */ = {isa = PBXBuildFile; fileRef = 3767AF211FD965CF006C8A98 /* ContactImageCell.swift */; };
		3767AF241FD965E2006C8A98 /* ContactDetailCell.swift in Sources */ = {isa = PBXBuildFile; fileRef = 3767AF231FD965E2006C8A98 /* ContactDetailCell.swift */; };
		3767AF261FD965F3006C8A98 /* Contact.swift in Sources */ = {isa = PBXBuildFile; fileRef = 3767AF251FD965F3006C8A98 /* Contact.swift */; };
		3767AF281FD9660A006C8A98 /* Utility.swift in Sources */ = {isa = PBXBuildFile; fileRef = 3767AF271FD9660A006C8A98 /* Utility.swift */; };
		3767AF2A1FD9661E006C8A98 /* APIClient.swift in Sources */ = {isa = PBXBuildFile; fileRef = 3767AF291FD9661E006C8A98 /* APIClient.swift */; };
		3767AF2C1FD9669C006C8A98 /* Protocols.swift in Sources */ = {isa = PBXBuildFile; fileRef = 3767AF2B1FD9669C006C8A98 /* Protocols.swift */; };
		37CEDE251FDAC47800DE1C3D /* SearchIndex.swift in Sources */ = {isa = PBXBuildFile; fileRef = 37CEDE241FDAC47800DE1C3D /* SearchIndex.swift */; };
		37CEDE271FDAD29C00DE1C3D /* ContactSearch.swift in Sources */ = {isa = PBXBuildFile; fileRef = 37CEDE261FDAD29C00DE1C3D /* ContactSearch.swift */; };
		37CEDE291FDAD45100DE1C3D /* StoboardID.swift in Sources */ = {isa = PBXBuildFile; fileRef = 37CEDE281FDAD45100DE1C3D /* StoboardID.swift */; };
		37CEDE2B1FDAD46D00DE1C3D /* AppTheme.swift in Sources */ = {isa = PBXBuildFile; fileRef = 37CEDE2A1FDAD46D00DE1C3D /* AppTheme.swift */; };
		37CEDE2D1FDAD4A200DE1C3D /* StringConstants.swift in Sources */ = {isa = PBXBuildFile; fileRef = 37CEDE2C1FDAD4A200DE1C3D /* StringConstants.swift */; };
		43D093B3640F6A7520B61EA4 /* Pods_ContactMe.framework in Frameworks */ = {isa = PBXBuildFile; fileRef = D9F7DA7939EA7CED43B33096 /* Pods_ContactMe.framework */; };
/* End PBXBuildFile section */

/* Begin PBXFileReference section */
		2B733CB27E9CC95C35399413 /* Pods-ContactMe.debug.xcconfig */ = {isa = PBXFileReference; includeInIndex = 1; lastKnownFileType = text.xcconfig; name = "Pods-ContactMe.debug.xcconfig"; path = "Pods/Target Support Files/Pods-ContactMe/Pods-ContactMe.debug.xcconfig"; sourceTree = "<group>"; };
		3767AF011FD9642D006C8A98 /* ContactMe.app */ = {isa = PBXFileReference; explicitFileType = wrapper.application; includeInIndex = 0; path = ContactMe.app; sourceTree = BUILT_PRODUCTS_DIR; };
		3767AF041FD9642D006C8A98 /* AppDelegate.swift */ = {isa = PBXFileReference; lastKnownFileType = sourcecode.swift; path = AppDelegate.swift; sourceTree = "<group>"; };
		3767AF061FD9642D006C8A98 /* ContactListController.swift */ = {isa = PBXFileReference; lastKnownFileType = sourcecode.swift; path = ContactListController.swift; sourceTree = "<group>"; };
		3767AF091FD9642D006C8A98 /* Base */ = {isa = PBXFileReference; lastKnownFileType = file.storyboard; name = Base; path = Base.lproj/Main.storyboard; sourceTree = "<group>"; };
		3767AF0B1FD9642D006C8A98 /* Assets.xcassets */ = {isa = PBXFileReference; lastKnownFileType = folder.assetcatalog; path = Assets.xcassets; sourceTree = "<group>"; };
		3767AF0E1FD9642D006C8A98 /* Base */ = {isa = PBXFileReference; lastKnownFileType = file.storyboard; name = Base; path = Base.lproj/LaunchScreen.storyboard; sourceTree = "<group>"; };
		3767AF101FD9642D006C8A98 /* Info.plist */ = {isa = PBXFileReference; lastKnownFileType = text.plist.xml; path = Info.plist; sourceTree = "<group>"; };
		3767AF1B1FD96578006C8A98 /* AddContactViewController.swift */ = {isa = PBXFileReference; lastKnownFileType = sourcecode.swift; path = AddContactViewController.swift; sourceTree = "<group>"; };
		3767AF1D1FD96584006C8A98 /* ContactDetailViewController.swift */ = {isa = PBXFileReference; lastKnownFileType = sourcecode.swift; path = ContactDetailViewController.swift; sourceTree = "<group>"; };
		3767AF1F1FD965C1006C8A98 /* ContactListCell.swift */ = {isa = PBXFileReference; lastKnownFileType = sourcecode.swift; path = ContactListCell.swift; sourceTree = "<group>"; };
		3767AF211FD965CF006C8A98 /* ContactImageCell.swift */ = {isa = PBXFileReference; lastKnownFileType = sourcecode.swift; path = ContactImageCell.swift; sourceTree = "<group>"; };
		3767AF231FD965E2006C8A98 /* ContactDetailCell.swift */ = {isa = PBXFileReference; lastKnownFileType = sourcecode.swift; path = ContactDetailCell.swift; sourceTree = "<group>"; };
		3767AF251FD965F3006C8A98 /* Contact.swift */ = {isa = PBXFileReference; lastKnownFileType = sourcecode.swift; path = Contact.swift; sourceTree = "<group>"; };
		3767AF271FD9660A006C8A98 /* Utility.swift */ = {isa = PBXFileReference; lastKnownFileType = sourcecode.swift; path = Utility.swift; sourceTree = "<group>"; };
		3767AF291FD9661E006C8A98 /* APIClient.swift */ = {isa = PBXFileReference; lastKnownFileType = sourcecode.swift; path = APIClient.swift; sourceTree = "<group>"; };
		3767AF2B1FD9669C006C8A98 /* Protocols.swift */ = {isa = PBXFileReference; lastKnownFileType = sourcecode.swift; path = Protocols.swift; sourceTree = "<group>"; };
		37CEDE241FDAC47800DE1C3D /* SearchIndex.swift */ = {isa = PBXFileReference; lastKnownFileType = sourcecode.swift; path = SearchIndex.swift; sourceTree = "<group>"; };
		37CEDE261FDAD29C00DE1C3D /* ContactSearch.swift */ = {isa = PBXFileReference; lastKnownFileType = sourcecode.swift; path = ContactSearch.swift; sourceTree = "<group>"; };
		37CEDE281FDAD45100DE1C3D /* StoboardID.swift */ = {isa = PBXFileReference; lastKnownFileType = sourcecode.swift; path = StoboardID.swift; sourceTree = "<group>"; };
		37CEDE2A1FDAD46D00DE1C3D /* AppTheme.swift */ = {isa = PBXFileReference; lastKnownFileType = sourcecode.swift; path = AppTheme.swift; sourceTree = "<group>"; };
		37CEDE2C1FDAD4A200DE1C3D /* StringConstants.swift */ = {isa = PBXFileReference; lastKnownFileType = sourcecode.swift; path = StringConstants.swift; sourceTree = "<group>"; };
		ABC26D69BED97871AA9649DB /* Pods-ContactMe.release.xcconfig */ = {isa = PBXFileReference; includeInIndex = 1; lastKnownFileType = text.xcconfig; name = "Pods-ContactMe.release.xcconfig"; path = "Pods/Target Support Files/Pods-ContactMe/Pods-ContactMe.release.xcconfig"; sourceTree = "<group>"; };
		D9F7DA7939EA7CED43B33096 /* Pods_ContactMe.framework */ = {isa = PBXFileReference; explicitFileType = wrapper.framework; includeInIndex = 0; path = Pods_ContactMe.framework; sourceTree = BUILT_PRODUCTS_DIR; };
/* End PBXFileReference section */

/* Begin PBXFrameworksBuildPhase section */
		3767AEFE1FD9642D006C8A98 /* Frameworks */ = {
			isa = PBXFrameworksBuildPhase;
			buildActionMask = 2147483647;
			files = (
				43D093B3640F6A7520B61EA4 /* Pods_ContactMe.framework in Frameworks */,
			);
			runOnlyForDeploymentPostprocessing = 0;
		};
/* End PBXFrameworksBuildPhase section */

/* Begin PBXGroup section */
		3767AEF81FD9642D006C8A98 = {
			isa = PBXGroup;
			children = (
				3767AF031FD9642D006C8A98 /* ContactMe */,
				3767AF021FD9642D006C8A98 /* Products */,
				9D8A42E59E188EBFD5A2B189 /* Pods */,
				90BF588BE91D12A529C9CD70 /* Frameworks */,
			);
			sourceTree = "<group>";
		};
		3767AF021FD9642D006C8A98 /* Products */ = {
			isa = PBXGroup;
			children = (
				3767AF011FD9642D006C8A98 /* ContactMe.app */,
			);
			name = Products;
			sourceTree = "<group>";
		};
		3767AF031FD9642D006C8A98 /* ContactMe */ = {
			isa = PBXGroup;
			children = (
				3767AF1A1FD96536006C8A98 /* Controllers */,
				3767AF191FD9652C006C8A98 /* Custom Views */,
				3767AF181FD9651C006C8A98 /* Model */,
				3767AF171FD96503006C8A98 /* Helpers */,
				3767AF161FD964FC006C8A98 /* Constants */,
				3767AF041FD9642D006C8A98 /* AppDelegate.swift */,
				3767AF081FD9642D006C8A98 /* Main.storyboard */,
				3767AF0B1FD9642D006C8A98 /* Assets.xcassets */,
				3767AF0D1FD9642D006C8A98 /* LaunchScreen.storyboard */,
				3767AF101FD9642D006C8A98 /* Info.plist */,
			);
			path = ContactMe;
			sourceTree = "<group>";
		};
		3767AF161FD964FC006C8A98 /* Constants */ = {
			isa = PBXGroup;
			children = (
				37CEDE281FDAD45100DE1C3D /* StoboardID.swift */,
				37CEDE2A1FDAD46D00DE1C3D /* AppTheme.swift */,
				37CEDE2C1FDAD4A200DE1C3D /* StringConstants.swift */,
			);
			path = Constants;
			sourceTree = "<group>";
		};
		3767AF171FD96503006C8A98 /* Helpers */ = {
			isa = PBXGroup;
			children = (
				3767AF271FD9660A006C8A98 /* Utility.swift */,
				3767AF291FD9661E006C8A98 /* APIClient.swift */,
				3767AF2B1FD9669C006C8A98 /* Protocols.swift */,
				37CEDE241FDAC47800DE1C3D /* SearchIndex.swift */,
				37CEDE261FDAD29C00DE1C3D /* ContactSearch.swift */,
			);
			path = Helpers;
			sourceTree = "<group>";
		};
		3767AF181FD9651C006C8A98 /* Model */ = {
			isa = PBXGroup;
			children = (
				3767AF251FD965F3006C8A98 /* Contact.swift */,
			);
			path = Model;
			sourceTree = "<group>";
		};
		3767AF191FD9652C006C8A98 /* Custom Views */ = {
			isa = PBXGroup;
			children = (
				3767AF1F1FD965C1006C8A98 /* ContactListCell.swift */,
				3767AF211FD965CF006C8A98 /* ContactImageCell.swift */,
				3767AF231FD965E2006C8A98 /* ContactDetailCell.swift */,
			);
			path = "Custom Views";
			sourceTree = "<group>";
		};
		3767AF1A1FD96536006C8A98 /* Controllers */ = {
			isa = PBXGroup;
			children = (
				3767AF061FD9642D006C8A98 /* ContactListController.swift */,
				3767AF1B1FD96578006C8A98 /* AddContactViewController.swift */,
				3767AF1D1FD96584006C8A98 /* ContactDetailViewController.swift */,
			);
			path = Controllers;
			sourceTree = "<group>";
		};
		90BF588BE91D12A529C9CD70 /* Frameworks */ = {
			isa = PBXGroup;
			children = (
				D9F7DA7939EA7CED43B33096 /* Pods_ContactMe.framework */,
			);
			name = Frameworks;
			sourceTree = "<group>";
		};
		9D8A42E59E188EBFD5A2B189 /* Pods */ = {
			isa = PBXGroup;
			children = (
				2B733CB27E9CC95C35399413 /* Pods-ContactMe.debug.xcconfig */,
				ABC26D69BED97871AA9649DB /* Pods-ContactMe.release.xcconfig */,
			);
			name = Pods;
			sourceTree = "<group>";
		};
/* End PBXGroup section */

/* Begin PBXNativeTarget section */
		3767AF001FD9642D006C8A98 /* ContactMe */ = {
			isa = PBXNativeTarget;
			buildConfigurationList = 3767AF131FD9642D006C8A98 /* Build configuration list for PBXNativeTarget "ContactMe" */;
			buildPhases = (
				E209F502170D609558DF4852 /* [CP] Check Pods Manifest.lock */,
				3767AEFD1FD9642D006C8A98 /* Sources */,
				3767AEFE1FD9642D006C8A98 /* Frameworks */,
				3767AEFF1FD9642D006C8A98 /* Resources */,
				364281ECC9BB2CB1BA8C6FFA /* [CP] Embed Pods Frameworks */,
				E42984CF1643A3D87D14B8A9 /* [CP] Copy Pods Resources */,
			);
			buildRules = (
			);
			dependencies = (
			);
			name = ContactMe;
			productName = ContactMe;
			productReference = 3767AF011FD9642D006C8A98 /* ContactMe.app */;
			productType = "com.apple.product-type.application";
		};
/* End PBXNativeTarget section */

/* Begin PBXProject section */
		3767AEF91FD9642D006C8A98 /* Project object */ = {
			isa = PBXProject;
			attributes = {
				LastSwiftUpdateCheck = 0900;
				LastUpgradeCheck = 0900;
				ORGANIZATIONNAME = vrat28;
				TargetAttributes = {
					3767AF001FD9642D006C8A98 = {
						CreatedOnToolsVersion = 9.0;
						ProvisioningStyle = Automatic;
					};
				};
			};
			buildConfigurationList = 3767AEFC1FD9642D006C8A98 /* Build configuration list for PBXProject "ContactMe" */;
			compatibilityVersion = "Xcode 8.0";
			developmentRegion = en;
			hasScannedForEncodings = 0;
			knownRegions = (
				en,
				Base,
			);
			mainGroup = 3767AEF81FD9642D006C8A98;
			productRefGroup = 3767AF021FD9642D006C8A98 /* Products */;
			projectDirPath = "";
			projectRoot = "";
			targets = (
				3767AF001FD9642D006C8A98 /* ContactMe */,
			);
		};
/* End PBXProject section */

/* Begin PBXResourcesBuildPhase section */
		3767AEFF1FD9642D006C8A98 /* Resources */ = {
			isa = PBXResourcesBuildPhase;
			buildActionMask = 2147483647;
			files = (
				3767AF0F1FD9642D006C8A98 /* LaunchScreen.storyboard in Resources */,
				3767AF0C1FD9642D006C8A98 /* Assets.xcassets in Resources */,
				3767AF0A1FD9642D006C8A98 /* Main.storyboard in Resources */,
			);
			runOnlyForDeploymentPostprocessing = 0;
		};
/* End PBXResourcesBuildPhase section */

/* Begin PBXShellScriptBuildPhase section */
		364281ECC9BB2CB1BA8C6FFA /* [CP] Embed Pods Frameworks */ = {
			isa = PBXShellScriptBuildPhase;
			buildActionMask = 2147483647;
			files = (
			);
			inputPaths = (
			);
			name = "[CP] Embed Pods Frameworks";
			outputPaths = (
			);
			runOnlyForDeploymentPostprocessing = 0;
			shellPath = /bin/sh;
			shellScript = "\"${SRCROOT}/Pods/Target Support Files/Pods-ContactMe/Pods-ContactMe-frameworks.sh\"\n";
			showEnvVarsInLog = 0;
		};
		E209F502170D609558DF4852 /* [CP] Check Pods Manifest.lock */ = {
			isa = PBXShellScriptBuildPhase;
			buildActionMask = 2147483647;
			files = (
			);
			inputPaths = (
			);
			name = "[CP] Check Pods Manifest.lock";
			outputPaths = (
			);
			runOnlyForDeploymentPostprocessing = 0;
			shellPath = /bin/sh;
			shellScript = "diff \"${PODS_ROOT}/../Podfile.lock\" \"${PODS_ROOT}/Manifest.lock\" > /dev/null\nif [ $? != 0 ] ; then\n    # print error to STDERR\n    echo \"error: The sandbox is not in sync with the Podfile.lock. Run 'pod install' or update your CocoaPods installation.\" >&2\n    exit 1\nfi\n";
			showEnvVarsInLog = 0;
		};
		E42984CF1643A3D87D14B8A9 /* [CP] Copy Pods Resources */ = {
			isa = PBXShellScriptBuildPhase;
			buildActionMask = 2147483647;
			files = (
			);
			inputPaths = (
			);
			name = "[CP] Copy Pods Resources";
			outputPaths = (
			);
			runOnlyForDeploymentPostprocessing = 0;
			shellPath = /bin/sh;
			shellScript = "\"${SRCROOT}/Pods/Target Support Files/Pods-ContactMe/Pods-ContactMe-resources.sh\"\n";
			showEnvVarsInLog = 0;
		};
/* End PBXShellScriptBuildPhase section */

/* Begin PBXSourcesBuildPhase section */
		3767AEFD1FD9642D006C8A98 /* Sources */ = {
			isa = PBXSourcesBuildPhase;
			buildActionMask = 2147483647;
			files = (
				3767AF241FD965E2006C8A98 /* ContactDetailCell.swift in Sources */,
				3767AF1C1FD96578006C8A98 /* AddContactViewController.swift in Sources */,
				37CEDE251FDAC47800DE1C3D /* SearchIndex.swift in Sources */,
				3767AF281FD9660A006C8A98 /* Utility.swift in Sources */,
				37CEDE2D1FDAD4A200DE1C3D /* StringConstants.swift in Sources */,
				3767AF2C1FD9669C006C8A98 /* Protocols.swift in Sources */,
				3767AF2A1FD9661E006C8A98 /* APIClient.swift in Sources */,
				3767AF201FD965C1006C8A98 /* ContactListCell.swift in Sources */,
				37CEDE271FDAD29C00DE1C3D /* ContactSearch.swift in Sources */,
				3767AF071FD9642D006C8A98 /* ContactListController.swift in Sources */,
				37CEDE2B1FDAD46D00DE1C3D /* AppTheme.swift in Sources */,
				3767AF261FD965F3006C8A98 /* Contact.swift in Sources */,
				37CEDE291FDAD45100DE1C3D /* StoboardID.swift in Sources */,
				3767AF1E1FD96584006C8A98 /* ContactDetailViewController.swift in Sources */,
				3767AF221FD965CF006C8A98 /* ContactImageCell.swift in Sources */,
				3767AF051FD9642D006C8A98 /* AppDelegate.swift in Sources */,
			);
			runOnlyForDeploymentPostprocessing = 0;
		};
/* End PBXSourcesBuildPhase section */

/* Begin PBXVariantGroup section */
		3767AF081FD9642D006C8A98 /* Main.storyboard */ = {
			isa = PBXVariantGroup;
			children = (
				3767AF091FD9642D006C8A98 /* Base */,
			);
			name = Main.storyboard;
			sourceTree = "<group>";
		};
		3767AF0D1FD9642D006C8A98 /* LaunchScreen.storyboard */ = {
			isa = PBXVariantGroup;
			children = (
				3767AF0E1FD9642D006C8A98 /* Base */,
			);
			name = LaunchScreen.storyboard;
			sourceTree = "<group>";
		};
/* End PBXVariantGroup section */

/* Begin XCBuildConfiguration section */
		3767AF111FD9642D006C8A98 /* Debug */ = {
			isa = XCBuildConfiguration;
			buildSettings = {
				ALWAYS_SEARCH_USER_PATHS = NO;
				CLANG_ANALYZER_NONNULL = YES;
				CLANG_ANALYZER_NUMBER_OBJECT_CONVERSION = YES_AGGRESSIVE;
				CLANG_CXX_LANGUAGE_STANDARD = "gnu++14";
				CLANG_CXX_LIBRARY = "libc++";
				CLANG_ENABLE_MODULES = YES;
				CLANG_ENABLE_OBJC_ARC = YES;
				CLANG_WARN_BLOCK_CAPTURE_AUTORELEASING = YES;
				CLANG_WARN_BOOL_CONVERSION = YES;
				CLANG_WARN_COMMA = YES;
				CLANG_WARN_CONSTANT_CONVERSION = YES;
				CLANG_WARN_DIRECT_OBJC_ISA_USAGE = YES_ERROR;
				CLANG_WARN_DOCUMENTATION_COMMENTS = YES;
				CLANG_WARN_EMPTY_BODY = YES;
				CLANG_WARN_ENUM_CONVERSION = YES;
				CLANG_WARN_INFINITE_RECURSION = YES;
				CLANG_WARN_INT_CONVERSION = YES;
				CLANG_WARN_NON_LITERAL_NULL_CONVERSION = YES;
				CLANG_WARN_OBJC_LITERAL_CONVERSION = YES;
				CLANG_WARN_OBJC_ROOT_CLASS = YES_ERROR;
				CLANG_WARN_RANGE_LOOP_ANALYSIS = YES;
				CLANG_WARN_STRICT_PROTOTYPES = YES;
				CLANG_WARN_SUSPICIOUS_MOVE = YES;
				CLANG_WARN_UNGUARDED_AVAILABILITY = YES_AGGRESSIVE;
				CLANG_WARN_UNREACHABLE_CODE = YES;
				CLANG_WARN__DUPLICATE_METHOD_MATCH = YES;
				CODE_SIGN_IDENTITY = "iPhone Developer";
				COPY_PHASE_STRIP = NO;
				DEBUG_INFORMATION_FORMAT = dwarf;
				ENABLE_STRICT_OBJC_MSGSEND = YES;
				ENABLE_TESTABILITY = YES;
				GCC_C_LANGUAGE_STANDARD = gnu11;
				GCC_DYNAMIC_NO_PIC = NO;
				GCC_NO_COMMON_BLOCKS = YES;
				GCC_OPTIMIZATION_LEVEL = 0;
				GCC_PREPROCESSOR_DEFINITIONS = (
					"DEBUG=1",
					"$(inherited)",
				);
				GCC_WARN_64_TO_32_BIT_CONVERSION = YES;
				GCC_WARN_ABOUT_RETURN_TYPE = YES_ERROR;
				GCC_WARN_UNDECLARED_SELECTOR = YES;
				GCC_WARN_UNINITIALIZED_AUTOS = YES_AGGRESSIVE;
				GCC_WARN_UNUSED_FUNCTION = YES;
				GCC_WARN_UNUSED_VARIABLE = YES;
				IPHONEOS_DEPLOYMENT_TARGET = 11.0;
				MTL_ENABLE_DEBUG_INFO = YES;
				ONLY_ACTIVE_ARCH = YES;
				SDKROOT = iphoneos;
				SWIFT_ACTIVE_COMPILATION_CONDITIONS = DEBUG;
				SWIFT_OPTIMIZATION_LEVEL = "-Onone";
			};
			name = Debug;
		};
		3767AF121FD9642D006C8A98 /* Release */ = {
			isa = XCBuildConfiguration;
			buildSettings = {
				ALWAYS_SEARCH_USER_PATHS = NO;
				CLANG_ANALYZER_NONNULL = YES;
				CLANG_ANALYZER_NUMBER_OBJECT_CONVERSION = YES_AGGRESSIVE;
				CLANG_CXX_LANGUAGE_STANDARD = "gnu++14";
				CLANG_CXX_LIBRARY = "libc++";
				CLANG_ENABLE_MODULES = YES;
				CLANG_ENABLE_OBJC_ARC = YES;
				CLANG_WARN_BLOCK_CAPTURE_AUTORELEASING = YES;
				CLANG_WARN_BOOL_CONVERSION = YES;
				CLANG_WARN_COMMA = YES;
				CLANG_WARN_CONSTANT_CONVERSION = YES;
				CLANG_WARN_DIRECT_OBJC_ISA_USAGE = YES_ERROR;
				CLANG_WARN_DOCUMENTATION_COMMENTS = YES;
				CLANG_WARN_EMPTY_BODY = YES;
				CLANG_WARN_ENUM_CONVERSION = YES;
				CLANG_WARN_INFINITE_RECURSION = YES;
				CLANG_WARN_INT_CONVERSION = YES;
				CLANG_WARN_NON_LITERAL_NULL_CONVERSION = YES;
				CLANG_WARN_OBJC_LITERAL_CONVERSION = YES;
				CLANG_WARN_OBJC_ROOT_CLASS = YES_ERROR;
				CLANG_WARN_RANGE_LOOP_ANALYSIS = YES;
				CLANG_WARN_STRICT_PROTOTYPES = YES;
				CLANG_WARN_SUSPICIOUS_MOVE = YES;
				CLANG_WARN_UNGUARDED_AVAILABILITY = YES_AGGRESSIVE;
				CLANG_WARN_UNREACHABLE_CODE = YES;
				CLANG_WARN__DUPLICATE_METHOD_MATCH = YES;
				CODE_SIGN_IDENTITY = "iPhone Developer";
				COPY_PHASE_STRIP = NO;
				DEBUG_INFORMATION_FORMAT = "dwarf-with-dsym";
				ENABLE_NS_ASSERTIONS = NO;
				ENABLE_STRICT_OBJC_MSGSEND = YES;
				GCC_C_LANGUAGE_STANDARD = gnu11;
				GCC_NO_COMMON_BLOCKS = YES;
				GCC_WARN_64_TO_32_BIT_CONVERSION = YES;
				GCC_WARN_ABOUT_RETURN_TYPE = YES_ERROR;
				GCC_WARN_UNDECLARED_SELECTOR = YES;
				GCC_WARN_UNINITIALIZED_AUTOS = YES_AGGRESSIVE;
				GCC_WARN_UNUSED_FUNCTION = YES;
				GCC_WARN_UNUSED_VARIABLE = YES;
				IPHONEOS_DEPLOYMENT_TARGET = 11.0;
				MTL_ENABLE_DEBUG_INFO = NO;
				SDKROOT = iphoneos;
				SWIFT_OPTIMIZATION_LEVEL = "-Owholemodule";
				VALIDATE_PRODUCT = YES;
			};
			name = Release;
		};
		3767AF141FD9642D006C8A98 /* Debug */ = {
			isa = XCBuildConfiguration;
			baseConfigurationReference = 2B733CB27E9CC95C35399413 /* Pods-ContactMe.debug.xcconfig */;
			buildSettings = {
				ASSETCATALOG_COMPILER_APPICON_NAME = AppIcon;
				CODE_SIGN_STYLE = Automatic;
				DEVELOPMENT_TEAM = 5XUW2EJ8TL;
				INFOPLIST_FILE = ContactMe/Info.plist;
				LD_RUNPATH_SEARCH_PATHS = "$(inherited) @executable_path/Frameworks";
				PRODUCT_BUNDLE_IDENTIFIER = com.vrat28.ContactMe;
				PRODUCT_NAME = "$(TARGET_NAME)";
				SWIFT_VERSION = 4.0;
				TARGETED_DEVICE_FAMILY = "1,2";
			};
			name = Debug;
		};
		3767AF151FD9642D006C8A98 /* Release */ = {
			isa = XCBuildConfiguration;
			baseConfigurationReference = ABC26D69BED97871AA9649DB /* Pods-ContactMe.release.xcconfig */;
			buildSettings = {
				ASSETCATALOG_COMPILER_APPICON_NAME = AppIcon;
				CODE_SIGN_STYLE = Automatic;
				DEVELOPMENT_TEAM = 5XUW2EJ8TL;
				INFOPLIST_FILE = ContactMe/Info.plist;
				LD_RUNPATH_SEARCH_PATHS = "$(inherited) @executable_path/Frameworks";
				PRODUCT_BUNDLE_IDENTIFIER = com.vrat28.ContactMe;
				PRODUCT_NAME = "$(TARGET_NAME)";
				SWIFT_VERSION = 4.0;
				TARGETED_DEVICE_FAMILY = "1,2";
			};
			name = Release;
		};
/* End XCBuildConfiguration section */

/* Begin XCConfigurationList section */
		3767AEFC1FD9642D006C8A98 /* Build configuration list for PBXProject "ContactMe" */ = {
			isa = XCConfigurationList;
			buildConfigurations = (
				3767AF111FD9642D006C8A98 /* Debug */,
				3767AF121FD9642D006C8A98 /* Release */,
			);
			defaultConfigurationIsVisible = 0;
			defaultConfigurationName = Release;
		};
		3767AF131FD9642D006C8A98 /* Build configuration list for PBXNativeTarget "ContactMe" */ = {
			isa = XCConfigurationList;
			buildConfigurations = (
				3767AF141FD9642D006C8A98 /* Debug */,
				3767AF151FD9642D006C8A98 /* Release */,
			);
			defaultConfigurationIsVisible = 0;
			defaultConfigurationName = Release;
		};
/* End XCConfigurationList section */
	};
	rootObject = 3767AEF91FD9642D006C8A98 /* Project object */;
}
